
Microsoft Visual Studio Solution File, Format Version 12.00
# Visual Studio Version 17
VisualStudioVersion = 17.2.32602.215
MinimumVisualStudioVersion = 10.0.40219.1
Project("{FAE04EC0-301F-11D3-BF4B-00C04F79EFBC}") = "GlobalTrans", "GlobalTrans.csproj", "{660B811E-2F48-41EE-9AAC-E74F1C821628}"
EndProject
Global
	GlobalSection(SolutionConfigurationPlatforms) = preSolution
		Debug|Any CPU = Debug|Any CPU
		Release|Any CPU = Release|Any CPU
	EndGlobalSection
	GlobalSection(ProjectConfigurationPlatforms) = postSolution
		{660B811E-2F48-41EE-9AAC-E74F1C821628}.Debug|Any CPU.ActiveCfg = Debug|Any CPU
		{660B811E-2F48-41EE-9AAC-E74F1C821628}.Debug|Any CPU.Build.0 = Debug|Any CPU
		{660B811E-2F48-41EE-9AAC-E74F1C821628}.Release|Any CPU.ActiveCfg = Release|Any CPU
		{660B811E-2F48-41EE-9AAC-E74F1C821628}.Release|Any CPU.Build.0 = Release|Any CPU
	EndGlobalSection
	GlobalSection(SolutionProperties) = preSolution
		HideSolutionNode = FALSE
	EndGlobalSection
	GlobalSection(ExtensibilityGlobals) = postSolution
		SolutionGuid = {676C8E62-041E-4987-A3CE-E31E12AEBC47}
	EndGlobalSection
EndGlobal
